// !$*UTF8*$!
{
	archiveVersion = 1;
	classes = {
	};
	objectVersion = 46;
	objects = {

/* Begin PBXBuildFile section */
		3426FF931BB6AEE200E8E1BB /* SampleTests.swift in Sources */ = {isa = PBXBuildFile; fileRef = 3426FF921BB6AEE200E8E1BB /* SampleTests.swift */; };
		3426FF9B1BB6AF5D00E8E1BB /* Localizable.strings in Resources */ = {isa = PBXBuildFile; fileRef = 34346D2F1B72983C0063FED4 /* Localizable.strings */; };
		34346D031B7294470063FED4 /* AppDelegate.swift in Sources */ = {isa = PBXBuildFile; fileRef = 34346D021B7294470063FED4 /* AppDelegate.swift */; };
		34346D081B7294470063FED4 /* Main.storyboard in Resources */ = {isa = PBXBuildFile; fileRef = 34346D061B7294470063FED4 /* Main.storyboard */; };
		34346D0A1B7294470063FED4 /* Images.xcassets in Resources */ = {isa = PBXBuildFile; fileRef = 34346D091B7294470063FED4 /* Images.xcassets */; };
		34346D0D1B7294470063FED4 /* LaunchScreen.xib in Resources */ = {isa = PBXBuildFile; fileRef = 34346D0B1B7294470063FED4 /* LaunchScreen.xib */; };
		34346D2C1B72983C0063FED4 /* Localizable.strings in Resources */ = {isa = PBXBuildFile; fileRef = 34346D2F1B72983C0063FED4 /* Localizable.strings */; };
		E55BDC6A1DED3B8400BF38DE /* ja.lproj in Resources */ = {isa = PBXBuildFile; fileRef = E55BDC691DED3B8400BF38DE /* ja.lproj */; };
		E55BDC761DED598500BF38DE /* MenuViewController.swift in Sources */ = {isa = PBXBuildFile; fileRef = E55BDC751DED598500BF38DE /* MenuViewController.swift */; };
		E55BDC781DED5C1400BF38DE /* TableViewController.swift in Sources */ = {isa = PBXBuildFile; fileRef = E55BDC771DED5C1400BF38DE /* TableViewController.swift */; };
		E55BDC921DED76A100BF38DE /* CameraView.strings in Resources */ = {isa = PBXBuildFile; fileRef = E55BDC7A1DED76A100BF38DE /* CameraView.strings */; };
		E55BDC931DED76A100BF38DE /* CameraViewAssets.xcassets in Resources */ = {isa = PBXBuildFile; fileRef = E55BDC7B1DED76A100BF38DE /* CameraViewAssets.xcassets */; };
		E55BDC941DED76A100BF38DE /* CameraGlobals.swift in Sources */ = {isa = PBXBuildFile; fileRef = E55BDC7D1DED76A100BF38DE /* CameraGlobals.swift */; };
		E55BDC951DED76A100BF38DE /* CameraShot.swift in Sources */ = {isa = PBXBuildFile; fileRef = E55BDC7E1DED76A100BF38DE /* CameraShot.swift */; };
		E55BDC961DED76A100BF38DE /* ImageFetcher.swift in Sources */ = {isa = PBXBuildFile; fileRef = E55BDC7F1DED76A100BF38DE /* ImageFetcher.swift */; };
		E55BDC971DED76A100BF38DE /* PhotoLibraryAuthorizer.swift in Sources */ = {isa = PBXBuildFile; fileRef = E55BDC801DED76A100BF38DE /* PhotoLibraryAuthorizer.swift */; };
		E55BDC981DED76A100BF38DE /* SingleImageFetcher.swift in Sources */ = {isa = PBXBuildFile; fileRef = E55BDC811DED76A100BF38DE /* SingleImageFetcher.swift */; };
		E55BDC991DED76A100BF38DE /* SingleImageSaver.swift in Sources */ = {isa = PBXBuildFile; fileRef = E55BDC821DED76A100BF38DE /* SingleImageSaver.swift */; };
		E55BDC9A1DED76A100BF38DE /* UIButtonExtensions.swift in Sources */ = {isa = PBXBuildFile; fileRef = E55BDC831DED76A100BF38DE /* UIButtonExtensions.swift */; };
		E55BDC9B1DED76A100BF38DE /* UIViewExtensions.swift in Sources */ = {isa = PBXBuildFile; fileRef = E55BDC841DED76A100BF38DE /* UIViewExtensions.swift */; };
		E55BDC9C1DED76A100BF38DE /* Utilities.swift in Sources */ = {isa = PBXBuildFile; fileRef = E55BDC851DED76A100BF38DE /* Utilities.swift */; };
		E55BDC9D1DED76A200BF38DE /* VolumeControl.swift in Sources */ = {isa = PBXBuildFile; fileRef = E55BDC861DED76A100BF38DE /* VolumeControl.swift */; };
		E55BDC9E1DED76A200BF38DE /* CameraViewController.swift in Sources */ = {isa = PBXBuildFile; fileRef = E55BDC881DED76A100BF38DE /* CameraViewController.swift */; };
		E55BDC9F1DED76A200BF38DE /* CameraViewControllerConstraint.swift in Sources */ = {isa = PBXBuildFile; fileRef = E55BDC891DED76A100BF38DE /* CameraViewControllerConstraint.swift */; };
		E55BDCA01DED76A200BF38DE /* ConfirmViewController.swift in Sources */ = {isa = PBXBuildFile; fileRef = E55BDC8A1DED76A100BF38DE /* ConfirmViewController.swift */; };
		E55BDCA11DED76A200BF38DE /* ConfirmViewController.xib in Resources */ = {isa = PBXBuildFile; fileRef = E55BDC8B1DED76A100BF38DE /* ConfirmViewController.xib */; };
		E55BDCA21DED76A200BF38DE /* PhotoLibraryViewController.swift in Sources */ = {isa = PBXBuildFile; fileRef = E55BDC8C1DED76A100BF38DE /* PhotoLibraryViewController.swift */; };
		E55BDCA31DED76A200BF38DE /* CameraView.swift in Sources */ = {isa = PBXBuildFile; fileRef = E55BDC8E1DED76A100BF38DE /* CameraView.swift */; };
		E55BDCA41DED76A200BF38DE /* CropOverlay.swift in Sources */ = {isa = PBXBuildFile; fileRef = E55BDC8F1DED76A100BF38DE /* CropOverlay.swift */; };
		E55BDCA51DED76A200BF38DE /* ImageCell.swift in Sources */ = {isa = PBXBuildFile; fileRef = E55BDC901DED76A100BF38DE /* ImageCell.swift */; };
		E55BDCA61DED76A200BF38DE /* PermissionsView.swift in Sources */ = {isa = PBXBuildFile; fileRef = E55BDC911DED76A100BF38DE /* PermissionsView.swift */; };
		E55BDCA81DED7B0E00BF38DE /* DetailViewController.swift in Sources */ = {isa = PBXBuildFile; fileRef = E55BDCA71DED7B0E00BF38DE /* DetailViewController.swift */; };
		E574BE5B1DEE6B6E0016DB1F /* KYDrawerController.swift in Sources */ = {isa = PBXBuildFile; fileRef = E574BE581DEE6B6E0016DB1F /* KYDrawerController.swift */; };
		E574BE5C1DEE6B6E0016DB1F /* KYEmbedDrawerControllerSegue.swift in Sources */ = {isa = PBXBuildFile; fileRef = E574BE591DEE6B6E0016DB1F /* KYEmbedDrawerControllerSegue.swift */; };
		E574BE5D1DEE6B6E0016DB1F /* KYEmbedMainControllerSegue.swift in Sources */ = {isa = PBXBuildFile; fileRef = E574BE5A1DEE6B6E0016DB1F /* KYEmbedMainControllerSegue.swift */; };
		E574BE611DEE6B950016DB1F /* Localize.swift in Sources */ = {isa = PBXBuildFile; fileRef = E574BE5F1DEE6B950016DB1F /* Localize.swift */; };
		E574BE721DEE6D780016DB1F /* RAMBounceAnimation.swift in Sources */ = {isa = PBXBuildFile; fileRef = E574BE651DEE6D780016DB1F /* RAMBounceAnimation.swift */; };
		E574BE731DEE6D780016DB1F /* RAMFrameItemAnimation.swift in Sources */ = {isa = PBXBuildFile; fileRef = E574BE671DEE6D780016DB1F /* RAMFrameItemAnimation.swift */; };
		E574BE741DEE6D780016DB1F /* RAMFumeAnimation.swift in Sources */ = {isa = PBXBuildFile; fileRef = E574BE691DEE6D780016DB1F /* RAMFumeAnimation.swift */; };
		E574BE751DEE6D780016DB1F /* RAMRotationAnimation.swift in Sources */ = {isa = PBXBuildFile; fileRef = E574BE6B1DEE6D780016DB1F /* RAMRotationAnimation.swift */; };
		E574BE761DEE6D780016DB1F /* RAMTransitionItemAnimations.swift in Sources */ = {isa = PBXBuildFile; fileRef = E574BE6D1DEE6D780016DB1F /* RAMTransitionItemAnimations.swift */; };
		E574BE771DEE6D780016DB1F /* RAMAnimatedTabBarController.swift in Sources */ = {isa = PBXBuildFile; fileRef = E574BE6E1DEE6D780016DB1F /* RAMAnimatedTabBarController.swift */; };
		E574BE781DEE6D780016DB1F /* RAMBadge.swift in Sources */ = {isa = PBXBuildFile; fileRef = E574BE701DEE6D780016DB1F /* RAMBadge.swift */; };
		E574BE791DEE6D780016DB1F /* RAMItemAnimationProtocol.swift in Sources */ = {isa = PBXBuildFile; fileRef = E574BE711DEE6D780016DB1F /* RAMItemAnimationProtocol.swift */; };
		E574BE7B1DEE7A0F0016DB1F /* UserViewController.swift in Sources */ = {isa = PBXBuildFile; fileRef = E574BE7A1DEE7A0F0016DB1F /* UserViewController.swift */; };
		E5A02D861DF261F0005FD229 /* TableViewCell.swift in Sources */ = {isa = PBXBuildFile; fileRef = E5A02D841DF261F0005FD229 /* TableViewCell.swift */; };
		E5A02D871DF261F0005FD229 /* TableViewCell.xib in Resources */ = {isa = PBXBuildFile; fileRef = E5A02D851DF261F0005FD229 /* TableViewCell.xib */; };
		E5A02D8A1DF26356005FD229 /* ExpandTableViewCell.swift in Sources */ = {isa = PBXBuildFile; fileRef = E5A02D881DF26356005FD229 /* ExpandTableViewCell.swift */; };
		E5A02D8B1DF26356005FD229 /* ExpandTableViewCell.xib in Resources */ = {isa = PBXBuildFile; fileRef = E5A02D891DF26356005FD229 /* ExpandTableViewCell.xib */; };
		E5EABC941DEEB42000BA254B /* Constraint.swift in Sources */ = {isa = PBXBuildFile; fileRef = E5EABC861DEEB42000BA254B /* Constraint.swift */; };
		E5EABC951DEEB42000BA254B /* ConstraintAttributes.swift in Sources */ = {isa = PBXBuildFile; fileRef = E5EABC871DEEB42000BA254B /* ConstraintAttributes.swift */; };
		E5EABC961DEEB42000BA254B /* ConstraintDescription.swift in Sources */ = {isa = PBXBuildFile; fileRef = E5EABC881DEEB42000BA254B /* ConstraintDescription.swift */; };
		E5EABC971DEEB42000BA254B /* ConstraintItem.swift in Sources */ = {isa = PBXBuildFile; fileRef = E5EABC891DEEB42000BA254B /* ConstraintItem.swift */; };
		E5EABC981DEEB42000BA254B /* ConstraintMaker.swift in Sources */ = {isa = PBXBuildFile; fileRef = E5EABC8A1DEEB42000BA254B /* ConstraintMaker.swift */; };
		E5EABC991DEEB42000BA254B /* ConstraintRelation.swift in Sources */ = {isa = PBXBuildFile; fileRef = E5EABC8B1DEEB42000BA254B /* ConstraintRelation.swift */; };
		E5EABC9A1DEEB42000BA254B /* Debugging.swift in Sources */ = {isa = PBXBuildFile; fileRef = E5EABC8C1DEEB42000BA254B /* Debugging.swift */; };
		E5EABC9B1DEEB42000BA254B /* EdgeInsets.swift in Sources */ = {isa = PBXBuildFile; fileRef = E5EABC8D1DEEB42000BA254B /* EdgeInsets.swift */; };
		E5EABC9C1DEEB42000BA254B /* Info.plist in Resources */ = {isa = PBXBuildFile; fileRef = E5EABC8E1DEEB42000BA254B /* Info.plist */; };
		E5EABC9D1DEEB42000BA254B /* LayoutConstraint.swift in Sources */ = {isa = PBXBuildFile; fileRef = E5EABC8F1DEEB42000BA254B /* LayoutConstraint.swift */; };
		E5EABC9E1DEEB42000BA254B /* SnapKit.swift in Sources */ = {isa = PBXBuildFile; fileRef = E5EABC911DEEB42000BA254B /* SnapKit.swift */; };
		E5EABC9F1DEEB42000BA254B /* View+SnapKit.swift in Sources */ = {isa = PBXBuildFile; fileRef = E5EABC921DEEB42000BA254B /* View+SnapKit.swift */; };
		E5EABCA01DEEB42000BA254B /* ViewController+SnapKit.swift in Sources */ = {isa = PBXBuildFile; fileRef = E5EABC931DEEB42000BA254B /* ViewController+SnapKit.swift */; };
		E5EABCA41DEEB55A00BA254B /* SnapKitViewController.swift in Sources */ = {isa = PBXBuildFile; fileRef = E5EABCA31DEEB55A00BA254B /* SnapKitViewController.swift */; };
		E5EABCA61DEEEDAD00BA254B /* SnapKitLayoutViewController.swift in Sources */ = {isa = PBXBuildFile; fileRef = E5EABCA51DEEEDAD00BA254B /* SnapKitLayoutViewController.swift */; };
		E5F85F191DF27AC3006E22E9 /* SWComboxHelper.swift in Sources */ = {isa = PBXBuildFile; fileRef = E5F85F101DF27AC3006E22E9 /* SWComboxHelper.swift */; };
		E5F85F1A1DF27AC3006E22E9 /* SWComboxView.swift in Sources */ = {isa = PBXBuildFile; fileRef = E5F85F111DF27AC3006E22E9 /* SWComboxView.swift */; };
		E5F85F1B1DF27AC3006E22E9 /* SWComboxView.xib in Resources */ = {isa = PBXBuildFile; fileRef = E5F85F121DF27AC3006E22E9 /* SWComboxView.xib */; };
		E5F85F1C1DF27AC3006E22E9 /* SWComboxCountry.swift in Sources */ = {isa = PBXBuildFile; fileRef = E5F85F141DF27AC3006E22E9 /* SWComboxCountry.swift */; };
		E5F85F1D1DF27AC3006E22E9 /* SWComboxCountry.xib in Resources */ = {isa = PBXBuildFile; fileRef = E5F85F151DF27AC3006E22E9 /* SWComboxCountry.xib */; };
		E5F85F1E1DF27AC3006E22E9 /* SWComboxTitle.swift in Sources */ = {isa = PBXBuildFile; fileRef = E5F85F161DF27AC3006E22E9 /* SWComboxTitle.swift */; };
		E5F85F1F1DF27AC3006E22E9 /* SWComboxTitle.xib in Resources */ = {isa = PBXBuildFile; fileRef = E5F85F171DF27AC3006E22E9 /* SWComboxTitle.xib */; };
		E5F85F201DF27AC3006E22E9 /* UIViewEx.swift in Sources */ = {isa = PBXBuildFile; fileRef = E5F85F181DF27AC3006E22E9 /* UIViewEx.swift */; };
		E5F85F231DF2B7B5006E22E9 /* ExpandvViewController.swift in Sources */ = {isa = PBXBuildFile; fileRef = E5F85F221DF2B7B5006E22E9 /* ExpandvViewController.swift */; };
/* End PBXBuildFile section */

/* Begin PBXContainerItemProxy section */
		3426FF951BB6AEE200E8E1BB /* PBXContainerItemProxy */ = {
			isa = PBXContainerItemProxy;
			containerPortal = 34346CF51B7294470063FED4 /* Project object */;
			proxyType = 1;
			remoteGlobalIDString = 34346CFC1B7294470063FED4;
			remoteInfo = Sample;
		};
/* End PBXContainerItemProxy section */

/* Begin PBXFileReference section */
		3426FF901BB6AEE200E8E1BB /* SampleTests.xctest */ = {isa = PBXFileReference; explicitFileType = wrapper.cfbundle; includeInIndex = 0; path = SampleTests.xctest; sourceTree = BUILT_PRODUCTS_DIR; };
		3426FF921BB6AEE200E8E1BB /* SampleTests.swift */ = {isa = PBXFileReference; lastKnownFileType = sourcecode.swift; path = SampleTests.swift; sourceTree = "<group>"; };
		3426FF941BB6AEE200E8E1BB /* Info.plist */ = {isa = PBXFileReference; lastKnownFileType = text.plist.xml; path = Info.plist; sourceTree = "<group>"; };
		34346CFD1B7294470063FED4 /* Sample.app */ = {isa = PBXFileReference; explicitFileType = wrapper.application; includeInIndex = 0; path = Sample.app; sourceTree = BUILT_PRODUCTS_DIR; };
		34346D011B7294470063FED4 /* Info.plist */ = {isa = PBXFileReference; lastKnownFileType = text.plist.xml; path = Info.plist; sourceTree = "<group>"; };
		34346D021B7294470063FED4 /* AppDelegate.swift */ = {isa = PBXFileReference; lastKnownFileType = sourcecode.swift; path = AppDelegate.swift; sourceTree = "<group>"; };
		34346D091B7294470063FED4 /* Images.xcassets */ = {isa = PBXFileReference; lastKnownFileType = folder.assetcatalog; path = Images.xcassets; sourceTree = "<group>"; };
		34346D261B72976A0063FED4 /* en */ = {isa = PBXFileReference; lastKnownFileType = file.storyboard; name = en; path = en.lproj/Main.storyboard; sourceTree = "<group>"; };
		34346D271B72976A0063FED4 /* en */ = {isa = PBXFileReference; lastKnownFileType = file.xib; name = en; path = en.lproj/LaunchScreen.xib; sourceTree = "<group>"; };
		34346D2E1B72983C0063FED4 /* en */ = {isa = PBXFileReference; lastKnownFileType = text.plist.strings; name = en; path = en.lproj/Localizable.strings; sourceTree = "<group>"; };
		34346D301B7298A80063FED4 /* fr */ = {isa = PBXFileReference; lastKnownFileType = text.plist.strings; name = fr; path = fr.lproj/Localizable.strings; sourceTree = "<group>"; };
		34346D311B7298AF0063FED4 /* de */ = {isa = PBXFileReference; lastKnownFileType = text.plist.strings; name = de; path = de.lproj/Localizable.strings; sourceTree = "<group>"; };
		34346D321B7298B70063FED4 /* es */ = {isa = PBXFileReference; lastKnownFileType = text.plist.strings; name = es; path = es.lproj/Localizable.strings; sourceTree = "<group>"; };
		34346D331B7298BD0063FED4 /* it */ = {isa = PBXFileReference; lastKnownFileType = text.plist.strings; name = it; path = it.lproj/Localizable.strings; sourceTree = "<group>"; };
		34346D351B7298DD0063FED4 /* zh-Hans */ = {isa = PBXFileReference; lastKnownFileType = text.plist.strings; name = "zh-Hans"; path = "zh-Hans.lproj/Localizable.strings"; sourceTree = "<group>"; };
		34346D361B7298E80063FED4 /* he */ = {isa = PBXFileReference; lastKnownFileType = text.plist.strings; name = he; path = he.lproj/Localizable.strings; sourceTree = "<group>"; };
		E55BDC671DED3B4600BF38DE /* ja */ = {isa = PBXFileReference; lastKnownFileType = file.storyboard; name = ja; path = ja.lproj/Main.storyboard; sourceTree = "<group>"; };
		E55BDC681DED3B4600BF38DE /* ja */ = {isa = PBXFileReference; lastKnownFileType = file.xib; name = ja; path = ja.lproj/LaunchScreen.xib; sourceTree = "<group>"; };
		E55BDC691DED3B8400BF38DE /* ja.lproj */ = {isa = PBXFileReference; lastKnownFileType = folder; path = ja.lproj; sourceTree = "<group>"; };
		E55BDC751DED598500BF38DE /* MenuViewController.swift */ = {isa = PBXFileReference; fileEncoding = 4; lastKnownFileType = sourcecode.swift; path = MenuViewController.swift; sourceTree = "<group>"; };
		E55BDC771DED5C1400BF38DE /* TableViewController.swift */ = {isa = PBXFileReference; fileEncoding = 4; lastKnownFileType = sourcecode.swift; path = TableViewController.swift; sourceTree = "<group>"; };
		E55BDC7A1DED76A100BF38DE /* CameraView.strings */ = {isa = PBXFileReference; fileEncoding = 4; lastKnownFileType = text.plist.strings; path = CameraView.strings; sourceTree = "<group>"; };
		E55BDC7B1DED76A100BF38DE /* CameraViewAssets.xcassets */ = {isa = PBXFileReference; lastKnownFileType = folder.assetcatalog; path = CameraViewAssets.xcassets; sourceTree = "<group>"; };
		E55BDC7D1DED76A100BF38DE /* CameraGlobals.swift */ = {isa = PBXFileReference; fileEncoding = 4; lastKnownFileType = sourcecode.swift; path = CameraGlobals.swift; sourceTree = "<group>"; };
		E55BDC7E1DED76A100BF38DE /* CameraShot.swift */ = {isa = PBXFileReference; fileEncoding = 4; lastKnownFileType = sourcecode.swift; path = CameraShot.swift; sourceTree = "<group>"; };
		E55BDC7F1DED76A100BF38DE /* ImageFetcher.swift */ = {isa = PBXFileReference; fileEncoding = 4; lastKnownFileType = sourcecode.swift; path = ImageFetcher.swift; sourceTree = "<group>"; };
		E55BDC801DED76A100BF38DE /* PhotoLibraryAuthorizer.swift */ = {isa = PBXFileReference; fileEncoding = 4; lastKnownFileType = sourcecode.swift; path = PhotoLibraryAuthorizer.swift; sourceTree = "<group>"; };
		E55BDC811DED76A100BF38DE /* SingleImageFetcher.swift */ = {isa = PBXFileReference; fileEncoding = 4; lastKnownFileType = sourcecode.swift; path = SingleImageFetcher.swift; sourceTree = "<group>"; };
		E55BDC821DED76A100BF38DE /* SingleImageSaver.swift */ = {isa = PBXFileReference; fileEncoding = 4; lastKnownFileType = sourcecode.swift; path = SingleImageSaver.swift; sourceTree = "<group>"; };
		E55BDC831DED76A100BF38DE /* UIButtonExtensions.swift */ = {isa = PBXFileReference; fileEncoding = 4; lastKnownFileType = sourcecode.swift; path = UIButtonExtensions.swift; sourceTree = "<group>"; };
		E55BDC841DED76A100BF38DE /* UIViewExtensions.swift */ = {isa = PBXFileReference; fileEncoding = 4; lastKnownFileType = sourcecode.swift; path = UIViewExtensions.swift; sourceTree = "<group>"; };
		E55BDC851DED76A100BF38DE /* Utilities.swift */ = {isa = PBXFileReference; fileEncoding = 4; lastKnownFileType = sourcecode.swift; path = Utilities.swift; sourceTree = "<group>"; };
		E55BDC861DED76A100BF38DE /* VolumeControl.swift */ = {isa = PBXFileReference; fileEncoding = 4; lastKnownFileType = sourcecode.swift; path = VolumeControl.swift; sourceTree = "<group>"; };
		E55BDC881DED76A100BF38DE /* CameraViewController.swift */ = {isa = PBXFileReference; fileEncoding = 4; lastKnownFileType = sourcecode.swift; path = CameraViewController.swift; sourceTree = "<group>"; };
		E55BDC891DED76A100BF38DE /* CameraViewControllerConstraint.swift */ = {isa = PBXFileReference; fileEncoding = 4; lastKnownFileType = sourcecode.swift; path = CameraViewControllerConstraint.swift; sourceTree = "<group>"; };
		E55BDC8A1DED76A100BF38DE /* ConfirmViewController.swift */ = {isa = PBXFileReference; fileEncoding = 4; lastKnownFileType = sourcecode.swift; path = ConfirmViewController.swift; sourceTree = "<group>"; };
		E55BDC8B1DED76A100BF38DE /* ConfirmViewController.xib */ = {isa = PBXFileReference; fileEncoding = 4; lastKnownFileType = file.xib; path = ConfirmViewController.xib; sourceTree = "<group>"; };
		E55BDC8C1DED76A100BF38DE /* PhotoLibraryViewController.swift */ = {isa = PBXFileReference; fileEncoding = 4; lastKnownFileType = sourcecode.swift; path = PhotoLibraryViewController.swift; sourceTree = "<group>"; };
		E55BDC8E1DED76A100BF38DE /* CameraView.swift */ = {isa = PBXFileReference; fileEncoding = 4; lastKnownFileType = sourcecode.swift; path = CameraView.swift; sourceTree = "<group>"; };
		E55BDC8F1DED76A100BF38DE /* CropOverlay.swift */ = {isa = PBXFileReference; fileEncoding = 4; lastKnownFileType = sourcecode.swift; path = CropOverlay.swift; sourceTree = "<group>"; };
		E55BDC901DED76A100BF38DE /* ImageCell.swift */ = {isa = PBXFileReference; fileEncoding = 4; lastKnownFileType = sourcecode.swift; path = ImageCell.swift; sourceTree = "<group>"; };
		E55BDC911DED76A100BF38DE /* PermissionsView.swift */ = {isa = PBXFileReference; fileEncoding = 4; lastKnownFileType = sourcecode.swift; path = PermissionsView.swift; sourceTree = "<group>"; };
		E55BDCA71DED7B0E00BF38DE /* DetailViewController.swift */ = {isa = PBXFileReference; fileEncoding = 4; lastKnownFileType = sourcecode.swift; path = DetailViewController.swift; sourceTree = "<group>"; };
		E574BE581DEE6B6E0016DB1F /* KYDrawerController.swift */ = {isa = PBXFileReference; fileEncoding = 4; lastKnownFileType = sourcecode.swift; path = KYDrawerController.swift; sourceTree = "<group>"; };
		E574BE591DEE6B6E0016DB1F /* KYEmbedDrawerControllerSegue.swift */ = {isa = PBXFileReference; fileEncoding = 4; lastKnownFileType = sourcecode.swift; path = KYEmbedDrawerControllerSegue.swift; sourceTree = "<group>"; };
		E574BE5A1DEE6B6E0016DB1F /* KYEmbedMainControllerSegue.swift */ = {isa = PBXFileReference; fileEncoding = 4; lastKnownFileType = sourcecode.swift; path = KYEmbedMainControllerSegue.swift; sourceTree = "<group>"; };
		E574BE5F1DEE6B950016DB1F /* Localize.swift */ = {isa = PBXFileReference; fileEncoding = 4; lastKnownFileType = sourcecode.swift; path = Localize.swift; sourceTree = "<group>"; };
		E574BE601DEE6B950016DB1F /* Localize_Swift.h */ = {isa = PBXFileReference; fileEncoding = 4; lastKnownFileType = sourcecode.c.h; path = Localize_Swift.h; sourceTree = "<group>"; };
		E574BE651DEE6D780016DB1F /* RAMBounceAnimation.swift */ = {isa = PBXFileReference; fileEncoding = 4; lastKnownFileType = sourcecode.swift; path = RAMBounceAnimation.swift; sourceTree = "<group>"; };
		E574BE671DEE6D780016DB1F /* RAMFrameItemAnimation.swift */ = {isa = PBXFileReference; fileEncoding = 4; lastKnownFileType = sourcecode.swift; path = RAMFrameItemAnimation.swift; sourceTree = "<group>"; };
		E574BE691DEE6D780016DB1F /* RAMFumeAnimation.swift */ = {isa = PBXFileReference; fileEncoding = 4; lastKnownFileType = sourcecode.swift; path = RAMFumeAnimation.swift; sourceTree = "<group>"; };
		E574BE6B1DEE6D780016DB1F /* RAMRotationAnimation.swift */ = {isa = PBXFileReference; fileEncoding = 4; lastKnownFileType = sourcecode.swift; path = RAMRotationAnimation.swift; sourceTree = "<group>"; };
		E574BE6D1DEE6D780016DB1F /* RAMTransitionItemAnimations.swift */ = {isa = PBXFileReference; fileEncoding = 4; lastKnownFileType = sourcecode.swift; path = RAMTransitionItemAnimations.swift; sourceTree = "<group>"; };
		E574BE6E1DEE6D780016DB1F /* RAMAnimatedTabBarController.swift */ = {isa = PBXFileReference; fileEncoding = 4; lastKnownFileType = sourcecode.swift; path = RAMAnimatedTabBarController.swift; sourceTree = "<group>"; };
		E574BE701DEE6D780016DB1F /* RAMBadge.swift */ = {isa = PBXFileReference; fileEncoding = 4; lastKnownFileType = sourcecode.swift; path = RAMBadge.swift; sourceTree = "<group>"; };
		E574BE711DEE6D780016DB1F /* RAMItemAnimationProtocol.swift */ = {isa = PBXFileReference; fileEncoding = 4; lastKnownFileType = sourcecode.swift; path = RAMItemAnimationProtocol.swift; sourceTree = "<group>"; };
		E574BE7A1DEE7A0F0016DB1F /* UserViewController.swift */ = {isa = PBXFileReference; fileEncoding = 4; lastKnownFileType = sourcecode.swift; path = UserViewController.swift; sourceTree = "<group>"; };
		E5A02D841DF261F0005FD229 /* TableViewCell.swift */ = {isa = PBXFileReference; fileEncoding = 4; lastKnownFileType = sourcecode.swift; path = TableViewCell.swift; sourceTree = "<group>"; };
		E5A02D851DF261F0005FD229 /* TableViewCell.xib */ = {isa = PBXFileReference; fileEncoding = 4; lastKnownFileType = file.xib; path = TableViewCell.xib; sourceTree = "<group>"; };
		E5A02D881DF26356005FD229 /* ExpandTableViewCell.swift */ = {isa = PBXFileReference; fileEncoding = 4; lastKnownFileType = sourcecode.swift; path = ExpandTableViewCell.swift; sourceTree = "<group>"; };
		E5A02D891DF26356005FD229 /* ExpandTableViewCell.xib */ = {isa = PBXFileReference; fileEncoding = 4; lastKnownFileType = file.xib; path = ExpandTableViewCell.xib; sourceTree = "<group>"; };
		E5EABC861DEEB42000BA254B /* Constraint.swift */ = {isa = PBXFileReference; fileEncoding = 4; lastKnownFileType = sourcecode.swift; path = Constraint.swift; sourceTree = "<group>"; };
		E5EABC871DEEB42000BA254B /* ConstraintAttributes.swift */ = {isa = PBXFileReference; fileEncoding = 4; lastKnownFileType = sourcecode.swift; path = ConstraintAttributes.swift; sourceTree = "<group>"; };
		E5EABC881DEEB42000BA254B /* ConstraintDescription.swift */ = {isa = PBXFileReference; fileEncoding = 4; lastKnownFileType = sourcecode.swift; path = ConstraintDescription.swift; sourceTree = "<group>"; };
		E5EABC891DEEB42000BA254B /* ConstraintItem.swift */ = {isa = PBXFileReference; fileEncoding = 4; lastKnownFileType = sourcecode.swift; path = ConstraintItem.swift; sourceTree = "<group>"; };
		E5EABC8A1DEEB42000BA254B /* ConstraintMaker.swift */ = {isa = PBXFileReference; fileEncoding = 4; lastKnownFileType = sourcecode.swift; path = ConstraintMaker.swift; sourceTree = "<group>"; };
		E5EABC8B1DEEB42000BA254B /* ConstraintRelation.swift */ = {isa = PBXFileReference; fileEncoding = 4; lastKnownFileType = sourcecode.swift; path = ConstraintRelation.swift; sourceTree = "<group>"; };
		E5EABC8C1DEEB42000BA254B /* Debugging.swift */ = {isa = PBXFileReference; fileEncoding = 4; lastKnownFileType = sourcecode.swift; path = Debugging.swift; sourceTree = "<group>"; };
		E5EABC8D1DEEB42000BA254B /* EdgeInsets.swift */ = {isa = PBXFileReference; fileEncoding = 4; lastKnownFileType = sourcecode.swift; path = EdgeInsets.swift; sourceTree = "<group>"; };
		E5EABC8E1DEEB42000BA254B /* Info.plist */ = {isa = PBXFileReference; fileEncoding = 4; lastKnownFileType = text.plist.xml; path = Info.plist; sourceTree = "<group>"; };
		E5EABC8F1DEEB42000BA254B /* LayoutConstraint.swift */ = {isa = PBXFileReference; fileEncoding = 4; lastKnownFileType = sourcecode.swift; path = LayoutConstraint.swift; sourceTree = "<group>"; };
		E5EABC901DEEB42000BA254B /* SnapKit.h */ = {isa = PBXFileReference; fileEncoding = 4; lastKnownFileType = sourcecode.c.h; path = SnapKit.h; sourceTree = "<group>"; };
		E5EABC911DEEB42000BA254B /* SnapKit.swift */ = {isa = PBXFileReference; fileEncoding = 4; lastKnownFileType = sourcecode.swift; path = SnapKit.swift; sourceTree = "<group>"; };
		E5EABC921DEEB42000BA254B /* View+SnapKit.swift */ = {isa = PBXFileReference; fileEncoding = 4; lastKnownFileType = sourcecode.swift; path = "View+SnapKit.swift"; sourceTree = "<group>"; };
		E5EABC931DEEB42000BA254B /* ViewController+SnapKit.swift */ = {isa = PBXFileReference; fileEncoding = 4; lastKnownFileType = sourcecode.swift; path = "ViewController+SnapKit.swift"; sourceTree = "<group>"; };
		E5EABCA31DEEB55A00BA254B /* SnapKitViewController.swift */ = {isa = PBXFileReference; fileEncoding = 4; lastKnownFileType = sourcecode.swift; path = SnapKitViewController.swift; sourceTree = "<group>"; };
		E5EABCA51DEEEDAD00BA254B /* SnapKitLayoutViewController.swift */ = {isa = PBXFileReference; fileEncoding = 4; lastKnownFileType = sourcecode.swift; path = SnapKitLayoutViewController.swift; sourceTree = "<group>"; };
		E5F85F101DF27AC3006E22E9 /* SWComboxHelper.swift */ = {isa = PBXFileReference; fileEncoding = 4; lastKnownFileType = sourcecode.swift; path = SWComboxHelper.swift; sourceTree = "<group>"; };
		E5F85F111DF27AC3006E22E9 /* SWComboxView.swift */ = {isa = PBXFileReference; fileEncoding = 4; lastKnownFileType = sourcecode.swift; path = SWComboxView.swift; sourceTree = "<group>"; };
		E5F85F121DF27AC3006E22E9 /* SWComboxView.xib */ = {isa = PBXFileReference; fileEncoding = 4; lastKnownFileType = file.xib; path = SWComboxView.xib; sourceTree = "<group>"; };
		E5F85F141DF27AC3006E22E9 /* SWComboxCountry.swift */ = {isa = PBXFileReference; fileEncoding = 4; lastKnownFileType = sourcecode.swift; path = SWComboxCountry.swift; sourceTree = "<group>"; };
		E5F85F151DF27AC3006E22E9 /* SWComboxCountry.xib */ = {isa = PBXFileReference; fileEncoding = 4; lastKnownFileType = file.xib; path = SWComboxCountry.xib; sourceTree = "<group>"; };
		E5F85F161DF27AC3006E22E9 /* SWComboxTitle.swift */ = {isa = PBXFileReference; fileEncoding = 4; lastKnownFileType = sourcecode.swift; path = SWComboxTitle.swift; sourceTree = "<group>"; };
		E5F85F171DF27AC3006E22E9 /* SWComboxTitle.xib */ = {isa = PBXFileReference; fileEncoding = 4; lastKnownFileType = file.xib; path = SWComboxTitle.xib; sourceTree = "<group>"; };
		E5F85F181DF27AC3006E22E9 /* UIViewEx.swift */ = {isa = PBXFileReference; fileEncoding = 4; lastKnownFileType = sourcecode.swift; path = UIViewEx.swift; sourceTree = "<group>"; };
		E5F85F221DF2B7B5006E22E9 /* ExpandvViewController.swift */ = {isa = PBXFileReference; fileEncoding = 4; lastKnownFileType = sourcecode.swift; path = ExpandvViewController.swift; sourceTree = "<group>"; };
/* End PBXFileReference section */

/* Begin PBXFrameworksBuildPhase section */
		3426FF8D1BB6AEE200E8E1BB /* Frameworks */ = {
			isa = PBXFrameworksBuildPhase;
			buildActionMask = 2147483647;
			files = (
			);
			runOnlyForDeploymentPostprocessing = 0;
		};
		34346CFA1B7294470063FED4 /* Frameworks */ = {
			isa = PBXFrameworksBuildPhase;
			buildActionMask = 2147483647;
			files = (
			);
			runOnlyForDeploymentPostprocessing = 0;
		};
/* End PBXFrameworksBuildPhase section */

/* Begin PBXGroup section */
		327E65A71DED384E006AF2F4 /* Sources */ = {
			isa = PBXGroup;
			children = (
				E5F85F0E1DF27AC3006E22E9 /* ComBox */,
				E5EABC851DEEB40A00BA254B /* snapkit */,
				E574BE621DEE6D780016DB1F /* RAMAnimatedTabBarController */,
				E574BE5E1DEE6B950016DB1F /* Localize */,
				E574BE571DEE6B6E0016DB1F /* KYDrawerController */,
				E55BDC791DED76A100BF38DE /* ALCameraViewController */,
			);
			path = Sources;
			sourceTree = "<group>";
		};
		3426FF911BB6AEE200E8E1BB /* SampleTests */ = {
			isa = PBXGroup;
			children = (
				3426FF921BB6AEE200E8E1BB /* SampleTests.swift */,
				3426FF941BB6AEE200E8E1BB /* Info.plist */,
			);
			path = SampleTests;
			sourceTree = "<group>";
		};
		34346CF41B7294470063FED4 = {
			isa = PBXGroup;
			children = (
				327E65A71DED384E006AF2F4 /* Sources */,
				34346CFF1B7294470063FED4 /* Sample */,
				3426FF911BB6AEE200E8E1BB /* SampleTests */,
				34346CFE1B7294470063FED4 /* Products */,
			);
			sourceTree = "<group>";
		};
		34346CFE1B7294470063FED4 /* Products */ = {
			isa = PBXGroup;
			children = (
				34346CFD1B7294470063FED4 /* Sample.app */,
				3426FF901BB6AEE200E8E1BB /* SampleTests.xctest */,
			);
			name = Products;
			sourceTree = "<group>";
		};
		34346CFF1B7294470063FED4 /* Sample */ = {
			isa = PBXGroup;
			children = (
				E5F85F211DF2B72F006E22E9 /* ExpandTableView */,
				E5EABCA71DEEEDB600BA254B /* SnapKit */,
				34346D021B7294470063FED4 /* AppDelegate.swift */,
				E55BDC751DED598500BF38DE /* MenuViewController.swift */,
				E55BDCA71DED7B0E00BF38DE /* DetailViewController.swift */,
				E55BDC771DED5C1400BF38DE /* TableViewController.swift */,
				E5A02D841DF261F0005FD229 /* TableViewCell.swift */,
				E5A02D851DF261F0005FD229 /* TableViewCell.xib */,
				E5A02D881DF26356005FD229 /* ExpandTableViewCell.swift */,
				E5A02D891DF26356005FD229 /* ExpandTableViewCell.xib */,
				E574BE7A1DEE7A0F0016DB1F /* UserViewController.swift */,
				34346D061B7294470063FED4 /* Main.storyboard */,
				34346D091B7294470063FED4 /* Images.xcassets */,
				34346D0B1B7294470063FED4 /* LaunchScreen.xib */,
				34346D281B7297820063FED4 /* Resources */,
				34346D001B7294470063FED4 /* Supporting Files */,
			);
			path = Sample;
			sourceTree = "<group>";
		};
		34346D001B7294470063FED4 /* Supporting Files */ = {
			isa = PBXGroup;
			children = (
				34346D011B7294470063FED4 /* Info.plist */,
			);
			name = "Supporting Files";
			sourceTree = "<group>";
		};
		34346D281B7297820063FED4 /* Resources */ = {
			isa = PBXGroup;
			children = (
				34346D2F1B72983C0063FED4 /* Localizable.strings */,
				E55BDC691DED3B8400BF38DE /* ja.lproj */,
			);
			name = Resources;
			sourceTree = "<group>";
		};
		E55BDC791DED76A100BF38DE /* ALCameraViewController */ = {
			isa = PBXGroup;
			children = (
				E55BDC7A1DED76A100BF38DE /* CameraView.strings */,
				E55BDC7B1DED76A100BF38DE /* CameraViewAssets.xcassets */,
				E55BDC7C1DED76A100BF38DE /* Utilities */,
				E55BDC871DED76A100BF38DE /* ViewController */,
				E55BDC8D1DED76A100BF38DE /* Views */,
			);
			path = ALCameraViewController;
			sourceTree = "<group>";
		};
		E55BDC7C1DED76A100BF38DE /* Utilities */ = {
			isa = PBXGroup;
			children = (
				E55BDC7D1DED76A100BF38DE /* CameraGlobals.swift */,
				E55BDC7E1DED76A100BF38DE /* CameraShot.swift */,
				E55BDC7F1DED76A100BF38DE /* ImageFetcher.swift */,
				E55BDC801DED76A100BF38DE /* PhotoLibraryAuthorizer.swift */,
				E55BDC811DED76A100BF38DE /* SingleImageFetcher.swift */,
				E55BDC821DED76A100BF38DE /* SingleImageSaver.swift */,
				E55BDC831DED76A100BF38DE /* UIButtonExtensions.swift */,
				E55BDC841DED76A100BF38DE /* UIViewExtensions.swift */,
				E55BDC851DED76A100BF38DE /* Utilities.swift */,
				E55BDC861DED76A100BF38DE /* VolumeControl.swift */,
			);
			path = Utilities;
			sourceTree = "<group>";
		};
		E55BDC871DED76A100BF38DE /* ViewController */ = {
			isa = PBXGroup;
			children = (
				E55BDC881DED76A100BF38DE /* CameraViewController.swift */,
				E55BDC891DED76A100BF38DE /* CameraViewControllerConstraint.swift */,
				E55BDC8A1DED76A100BF38DE /* ConfirmViewController.swift */,
				E55BDC8B1DED76A100BF38DE /* ConfirmViewController.xib */,
				E55BDC8C1DED76A100BF38DE /* PhotoLibraryViewController.swift */,
			);
			path = ViewController;
			sourceTree = "<group>";
		};
		E55BDC8D1DED76A100BF38DE /* Views */ = {
			isa = PBXGroup;
			children = (
				E55BDC8E1DED76A100BF38DE /* CameraView.swift */,
				E55BDC8F1DED76A100BF38DE /* CropOverlay.swift */,
				E55BDC901DED76A100BF38DE /* ImageCell.swift */,
				E55BDC911DED76A100BF38DE /* PermissionsView.swift */,
			);
			path = Views;
			sourceTree = "<group>";
		};
		E574BE571DEE6B6E0016DB1F /* KYDrawerController */ = {
			isa = PBXGroup;
			children = (
				E574BE581DEE6B6E0016DB1F /* KYDrawerController.swift */,
				E574BE591DEE6B6E0016DB1F /* KYEmbedDrawerControllerSegue.swift */,
				E574BE5A1DEE6B6E0016DB1F /* KYEmbedMainControllerSegue.swift */,
			);
			name = KYDrawerController;
			path = ALCameraViewController/KYDrawerController;
			sourceTree = "<group>";
		};
		E574BE5E1DEE6B950016DB1F /* Localize */ = {
			isa = PBXGroup;
			children = (
				E574BE5F1DEE6B950016DB1F /* Localize.swift */,
				E574BE601DEE6B950016DB1F /* Localize_Swift.h */,
			);
			path = Localize;
			sourceTree = "<group>";
		};
		E574BE621DEE6D780016DB1F /* RAMAnimatedTabBarController */ = {
			isa = PBXGroup;
			children = (
				E574BE631DEE6D780016DB1F /* Animations */,
				E574BE6E1DEE6D780016DB1F /* RAMAnimatedTabBarController.swift */,
				E574BE6F1DEE6D780016DB1F /* RAMBadge */,
				E574BE711DEE6D780016DB1F /* RAMItemAnimationProtocol.swift */,
			);
			path = RAMAnimatedTabBarController;
			sourceTree = "<group>";
		};
		E574BE631DEE6D780016DB1F /* Animations */ = {
			isa = PBXGroup;
			children = (
				E574BE641DEE6D780016DB1F /* BounceAnimation */,
				E574BE661DEE6D780016DB1F /* FrameAnimation */,
				E574BE681DEE6D780016DB1F /* FumeAnimation */,
				E574BE6A1DEE6D780016DB1F /* RotationAnimation */,
				E574BE6C1DEE6D780016DB1F /* TransitionAniamtions */,
			);
			path = Animations;
			sourceTree = "<group>";
		};
		E574BE641DEE6D780016DB1F /* BounceAnimation */ = {
			isa = PBXGroup;
			children = (
				E574BE651DEE6D780016DB1F /* RAMBounceAnimation.swift */,
			);
			path = BounceAnimation;
			sourceTree = "<group>";
		};
		E574BE661DEE6D780016DB1F /* FrameAnimation */ = {
			isa = PBXGroup;
			children = (
				E574BE671DEE6D780016DB1F /* RAMFrameItemAnimation.swift */,
			);
			path = FrameAnimation;
			sourceTree = "<group>";
		};
		E574BE681DEE6D780016DB1F /* FumeAnimation */ = {
			isa = PBXGroup;
			children = (
				E574BE691DEE6D780016DB1F /* RAMFumeAnimation.swift */,
			);
			path = FumeAnimation;
			sourceTree = "<group>";
		};
		E574BE6A1DEE6D780016DB1F /* RotationAnimation */ = {
			isa = PBXGroup;
			children = (
				E574BE6B1DEE6D780016DB1F /* RAMRotationAnimation.swift */,
			);
			path = RotationAnimation;
			sourceTree = "<group>";
		};
		E574BE6C1DEE6D780016DB1F /* TransitionAniamtions */ = {
			isa = PBXGroup;
			children = (
				E574BE6D1DEE6D780016DB1F /* RAMTransitionItemAnimations.swift */,
			);
			path = TransitionAniamtions;
			sourceTree = "<group>";
		};
		E574BE6F1DEE6D780016DB1F /* RAMBadge */ = {
			isa = PBXGroup;
			children = (
				E574BE701DEE6D780016DB1F /* RAMBadge.swift */,
			);
			path = RAMBadge;
			sourceTree = "<group>";
		};
		E5EABC851DEEB40A00BA254B /* snapkit */ = {
			isa = PBXGroup;
			children = (
				E5EABC861DEEB42000BA254B /* Constraint.swift */,
				E5EABC871DEEB42000BA254B /* ConstraintAttributes.swift */,
				E5EABC881DEEB42000BA254B /* ConstraintDescription.swift */,
				E5EABC891DEEB42000BA254B /* ConstraintItem.swift */,
				E5EABC8A1DEEB42000BA254B /* ConstraintMaker.swift */,
				E5EABC8B1DEEB42000BA254B /* ConstraintRelation.swift */,
				E5EABC8C1DEEB42000BA254B /* Debugging.swift */,
				E5EABC8D1DEEB42000BA254B /* EdgeInsets.swift */,
				E5EABC8E1DEEB42000BA254B /* Info.plist */,
				E5EABC8F1DEEB42000BA254B /* LayoutConstraint.swift */,
				E5EABC901DEEB42000BA254B /* SnapKit.h */,
				E5EABC911DEEB42000BA254B /* SnapKit.swift */,
				E5EABC921DEEB42000BA254B /* View+SnapKit.swift */,
				E5EABC931DEEB42000BA254B /* ViewController+SnapKit.swift */,
			);
			path = snapkit;
			sourceTree = "<group>";
		};
		E5EABCA71DEEEDB600BA254B /* SnapKit */ = {
			isa = PBXGroup;
			children = (
				E5EABCA31DEEB55A00BA254B /* SnapKitViewController.swift */,
				E5EABCA51DEEEDAD00BA254B /* SnapKitLayoutViewController.swift */,
			);
			name = SnapKit;
			sourceTree = "<group>";
		};
		E5F85F0E1DF27AC3006E22E9 /* ComBox */ = {
			isa = PBXGroup;
			children = (
				E5F85F0F1DF27AC3006E22E9 /* source */,
				E5F85F131DF27AC3006E22E9 /* view */,
			);
			path = ComBox;
			sourceTree = "<group>";
		};
		E5F85F0F1DF27AC3006E22E9 /* source */ = {
			isa = PBXGroup;
			children = (
				E5F85F101DF27AC3006E22E9 /* SWComboxHelper.swift */,
				E5F85F111DF27AC3006E22E9 /* SWComboxView.swift */,
				E5F85F121DF27AC3006E22E9 /* SWComboxView.xib */,
			);
			path = source;
			sourceTree = "<group>";
		};
		E5F85F131DF27AC3006E22E9 /* view */ = {
			isa = PBXGroup;
			children = (
				E5F85F141DF27AC3006E22E9 /* SWComboxCountry.swift */,
				E5F85F151DF27AC3006E22E9 /* SWComboxCountry.xib */,
				E5F85F161DF27AC3006E22E9 /* SWComboxTitle.swift */,
				E5F85F171DF27AC3006E22E9 /* SWComboxTitle.xib */,
				E5F85F181DF27AC3006E22E9 /* UIViewEx.swift */,
			);
			path = view;
			sourceTree = "<group>";
		};
		E5F85F211DF2B72F006E22E9 /* ExpandTableView */ = {
			isa = PBXGroup;
			children = (
				E5F85F221DF2B7B5006E22E9 /* ExpandvViewController.swift */,
			);
			path = ExpandTableView;
			sourceTree = "<group>";
		};
/* End PBXGroup section */

/* Begin PBXNativeTarget section */
		3426FF8F1BB6AEE200E8E1BB /* SampleTests */ = {
			isa = PBXNativeTarget;
			buildConfigurationList = 3426FF971BB6AEE200E8E1BB /* Build configuration list for PBXNativeTarget "SampleTests" */;
			buildPhases = (
				3426FF8C1BB6AEE200E8E1BB /* Sources */,
				3426FF8D1BB6AEE200E8E1BB /* Frameworks */,
				3426FF8E1BB6AEE200E8E1BB /* Resources */,
			);
			buildRules = (
			);
			dependencies = (
				3426FF961BB6AEE200E8E1BB /* PBXTargetDependency */,
			);
			name = SampleTests;
			productName = SampleTests;
			productReference = 3426FF901BB6AEE200E8E1BB /* SampleTests.xctest */;
			productType = "com.apple.product-type.bundle.unit-test";
		};
		34346CFC1B7294470063FED4 /* Sample */ = {
			isa = PBXNativeTarget;
			buildConfigurationList = 34346D1C1B7294470063FED4 /* Build configuration list for PBXNativeTarget "Sample" */;
			buildPhases = (
				34346CF91B7294470063FED4 /* Sources */,
				34346CFA1B7294470063FED4 /* Frameworks */,
				34346CFB1B7294470063FED4 /* Resources */,
			);
			buildRules = (
			);
			dependencies = (
			);
			name = Sample;
			productName = Sample;
			productReference = 34346CFD1B7294470063FED4 /* Sample.app */;
			productType = "com.apple.product-type.application";
		};
/* End PBXNativeTarget section */

/* Begin PBXProject section */
		34346CF51B7294470063FED4 /* Project object */ = {
			isa = PBXProject;
			attributes = {
				LastSwiftMigration = 0700;
				LastSwiftUpdateCheck = 0700;
				LastUpgradeCheck = 0700;
				ORGANIZATIONNAME = "Roy Marmelstein";
				TargetAttributes = {
					3426FF8F1BB6AEE200E8E1BB = {
						CreatedOnToolsVersion = 7.0;
						TestTargetID = 34346CFC1B7294470063FED4;
					};
					34346CFC1B7294470063FED4 = {
						CreatedOnToolsVersion = 6.4;
					};
				};
			};
			buildConfigurationList = 34346CF81B7294470063FED4 /* Build configuration list for PBXProject "Sample" */;
			compatibilityVersion = "Xcode 3.2";
			developmentRegion = English;
			hasScannedForEncodings = 0;
			knownRegions = (
				en,
				fr,
				de,
				es,
				it,
				"zh-Hans",
				he,
				ja,
			);
			mainGroup = 34346CF41B7294470063FED4;
			productRefGroup = 34346CFE1B7294470063FED4 /* Products */;
			projectDirPath = "";
			projectRoot = "";
			targets = (
				34346CFC1B7294470063FED4 /* Sample */,
				3426FF8F1BB6AEE200E8E1BB /* SampleTests */,
			);
		};
/* End PBXProject section */

/* Begin PBXResourcesBuildPhase section */
		3426FF8E1BB6AEE200E8E1BB /* Resources */ = {
			isa = PBXResourcesBuildPhase;
			buildActionMask = 2147483647;
			files = (
				3426FF9B1BB6AF5D00E8E1BB /* Localizable.strings in Resources */,
			);
			runOnlyForDeploymentPostprocessing = 0;
		};
		34346CFB1B7294470063FED4 /* Resources */ = {
			isa = PBXResourcesBuildPhase;
			buildActionMask = 2147483647;
			files = (
				34346D081B7294470063FED4 /* Main.storyboard in Resources */,
				E5F85F1D1DF27AC3006E22E9 /* SWComboxCountry.xib in Resources */,
				E5A02D871DF261F0005FD229 /* TableViewCell.xib in Resources */,
				34346D2C1B72983C0063FED4 /* Localizable.strings in Resources */,
				E5EABC9C1DEEB42000BA254B /* Info.plist in Resources */,
				E5A02D8B1DF26356005FD229 /* ExpandTableViewCell.xib in Resources */,
				E5F85F1F1DF27AC3006E22E9 /* SWComboxTitle.xib in Resources */,
				E55BDC921DED76A100BF38DE /* CameraView.strings in Resources */,
				E55BDC931DED76A100BF38DE /* CameraViewAssets.xcassets in Resources */,
				34346D0D1B7294470063FED4 /* LaunchScreen.xib in Resources */,
				E5F85F1B1DF27AC3006E22E9 /* SWComboxView.xib in Resources */,
				E55BDC6A1DED3B8400BF38DE /* ja.lproj in Resources */,
				34346D0A1B7294470063FED4 /* Images.xcassets in Resources */,
				E55BDCA11DED76A200BF38DE /* ConfirmViewController.xib in Resources */,
			);
			runOnlyForDeploymentPostprocessing = 0;
		};
/* End PBXResourcesBuildPhase section */

/* Begin PBXSourcesBuildPhase section */
		3426FF8C1BB6AEE200E8E1BB /* Sources */ = {
			isa = PBXSourcesBuildPhase;
			buildActionMask = 2147483647;
			files = (
				3426FF931BB6AEE200E8E1BB /* SampleTests.swift in Sources */,
			);
			runOnlyForDeploymentPostprocessing = 0;
		};
		34346CF91B7294470063FED4 /* Sources */ = {
			isa = PBXSourcesBuildPhase;
			buildActionMask = 2147483647;
			files = (
				E574BE731DEE6D780016DB1F /* RAMFrameItemAnimation.swift in Sources */,
				E574BE7B1DEE7A0F0016DB1F /* UserViewController.swift in Sources */,
				E55BDC9A1DED76A100BF38DE /* UIButtonExtensions.swift in Sources */,
				E55BDC951DED76A100BF38DE /* CameraShot.swift in Sources */,
				E574BE5D1DEE6B6E0016DB1F /* KYEmbedMainControllerSegue.swift in Sources */,
				E5EABC9D1DEEB42000BA254B /* LayoutConstraint.swift in Sources */,
				E574BE5B1DEE6B6E0016DB1F /* KYDrawerController.swift in Sources */,
				E5EABC981DEEB42000BA254B /* ConstraintMaker.swift in Sources */,
				E5EABCA41DEEB55A00BA254B /* SnapKitViewController.swift in Sources */,
				E5EABC9A1DEEB42000BA254B /* Debugging.swift in Sources */,
				E55BDC9F1DED76A200BF38DE /* CameraViewControllerConstraint.swift in Sources */,
				E55BDC971DED76A100BF38DE /* PhotoLibraryAuthorizer.swift in Sources */,
				E5EABC991DEEB42000BA254B /* ConstraintRelation.swift in Sources */,
				E55BDC9D1DED76A200BF38DE /* VolumeControl.swift in Sources */,
				E574BE751DEE6D780016DB1F /* RAMRotationAnimation.swift in Sources */,
				E5F85F1A1DF27AC3006E22E9 /* SWComboxView.swift in Sources */,
				E5EABC9F1DEEB42000BA254B /* View+SnapKit.swift in Sources */,
				E5EABC9B1DEEB42000BA254B /* EdgeInsets.swift in Sources */,
				E5EABC9E1DEEB42000BA254B /* SnapKit.swift in Sources */,
				E55BDC981DED76A100BF38DE /* SingleImageFetcher.swift in Sources */,
				E574BE741DEE6D780016DB1F /* RAMFumeAnimation.swift in Sources */,
				E55BDCA81DED7B0E00BF38DE /* DetailViewController.swift in Sources */,
				E574BE771DEE6D780016DB1F /* RAMAnimatedTabBarController.swift in Sources */,
				E5F85F1E1DF27AC3006E22E9 /* SWComboxTitle.swift in Sources */,
				E55BDCA51DED76A200BF38DE /* ImageCell.swift in Sources */,
				E55BDC781DED5C1400BF38DE /* TableViewController.swift in Sources */,
				E55BDC941DED76A100BF38DE /* CameraGlobals.swift in Sources */,
				E55BDCA01DED76A200BF38DE /* ConfirmViewController.swift in Sources */,
				E5EABC971DEEB42000BA254B /* ConstraintItem.swift in Sources */,
				E5A02D8A1DF26356005FD229 /* ExpandTableViewCell.swift in Sources */,
				E55BDC9C1DED76A100BF38DE /* Utilities.swift in Sources */,
				E574BE721DEE6D780016DB1F /* RAMBounceAnimation.swift in Sources */,
				E574BE5C1DEE6B6E0016DB1F /* KYEmbedDrawerControllerSegue.swift in Sources */,
				E55BDC9B1DED76A100BF38DE /* UIViewExtensions.swift in Sources */,
				E55BDC991DED76A100BF38DE /* SingleImageSaver.swift in Sources */,
				E5F85F231DF2B7B5006E22E9 /* ExpandvViewController.swift in Sources */,
				E55BDC761DED598500BF38DE /* MenuViewController.swift in Sources */,
				E574BE611DEE6B950016DB1F /* Localize.swift in Sources */,
				E5EABC961DEEB42000BA254B /* ConstraintDescription.swift in Sources */,
				E5EABC941DEEB42000BA254B /* Constraint.swift in Sources */,
				34346D031B7294470063FED4 /* AppDelegate.swift in Sources */,
				E55BDCA41DED76A200BF38DE /* CropOverlay.swift in Sources */,
				E5F85F201DF27AC3006E22E9 /* UIViewEx.swift in Sources */,
				E5F85F191DF27AC3006E22E9 /* SWComboxHelper.swift in Sources */,
				E55BDCA31DED76A200BF38DE /* CameraView.swift in Sources */,
				E574BE761DEE6D780016DB1F /* RAMTransitionItemAnimations.swift in Sources */,
				E574BE791DEE6D780016DB1F /* RAMItemAnimationProtocol.swift in Sources */,
				E55BDCA21DED76A200BF38DE /* PhotoLibraryViewController.swift in Sources */,
				E5EABCA61DEEEDAD00BA254B /* SnapKitLayoutViewController.swift in Sources */,
				E55BDC9E1DED76A200BF38DE /* CameraViewController.swift in Sources */,
				E5EABCA01DEEB42000BA254B /* ViewController+SnapKit.swift in Sources */,
				E5A02D861DF261F0005FD229 /* TableViewCell.swift in Sources */,
				E5F85F1C1DF27AC3006E22E9 /* SWComboxCountry.swift in Sources */,
				E55BDCA61DED76A200BF38DE /* PermissionsView.swift in Sources */,
				E5EABC951DEEB42000BA254B /* ConstraintAttributes.swift in Sources */,
				E574BE781DEE6D780016DB1F /* RAMBadge.swift in Sources */,
				E55BDC961DED76A100BF38DE /* ImageFetcher.swift in Sources */,
			);
			runOnlyForDeploymentPostprocessing = 0;
		};
/* End PBXSourcesBuildPhase section */

/* Begin PBXTargetDependency section */
		3426FF961BB6AEE200E8E1BB /* PBXTargetDependency */ = {
			isa = PBXTargetDependency;
			target = 34346CFC1B7294470063FED4 /* Sample */;
			targetProxy = 3426FF951BB6AEE200E8E1BB /* PBXContainerItemProxy */;
		};
/* End PBXTargetDependency section */

/* Begin PBXVariantGroup section */
		34346D061B7294470063FED4 /* Main.storyboard */ = {
			isa = PBXVariantGroup;
			children = (
				34346D261B72976A0063FED4 /* en */,
				E55BDC671DED3B4600BF38DE /* ja */,
			);
			name = Main.storyboard;
			sourceTree = "<group>";
		};
		34346D0B1B7294470063FED4 /* LaunchScreen.xib */ = {
			isa = PBXVariantGroup;
			children = (
				34346D271B72976A0063FED4 /* en */,
				E55BDC681DED3B4600BF38DE /* ja */,
			);
			name = LaunchScreen.xib;
			sourceTree = "<group>";
		};
		34346D2F1B72983C0063FED4 /* Localizable.strings */ = {
			isa = PBXVariantGroup;
			children = (
				34346D2E1B72983C0063FED4 /* en */,
				34346D301B7298A80063FED4 /* fr */,
				34346D311B7298AF0063FED4 /* de */,
				34346D321B7298B70063FED4 /* es */,
				34346D331B7298BD0063FED4 /* it */,
				34346D351B7298DD0063FED4 /* zh-Hans */,
				34346D361B7298E80063FED4 /* he */,
			);
			name = Localizable.strings;
			sourceTree = "<group>";
		};
/* End PBXVariantGroup section */

/* Begin XCBuildConfiguration section */
		3426FF981BB6AEE200E8E1BB /* Debug */ = {
			isa = XCBuildConfiguration;
			buildSettings = {
				BUNDLE_LOADER = "$(TEST_HOST)";
				DEBUG_INFORMATION_FORMAT = dwarf;
				FRAMEWORK_SEARCH_PATHS = "$(inherited)";
				INFOPLIST_FILE = SampleTests/Info.plist;
				IPHONEOS_DEPLOYMENT_TARGET = 9.0;
				LD_RUNPATH_SEARCH_PATHS = "$(inherited) @executable_path/Frameworks @loader_path/Frameworks";
				PRODUCT_BUNDLE_IDENTIFIER = com.roymarmelstein.SampleTests;
				PRODUCT_NAME = "$(TARGET_NAME)";
				TEST_HOST = "$(BUILT_PRODUCTS_DIR)/Sample.app/Sample";
			};
			name = Debug;
		};
		3426FF991BB6AEE200E8E1BB /* Release */ = {
			isa = XCBuildConfiguration;
			buildSettings = {
				BUNDLE_LOADER = "$(TEST_HOST)";
				FRAMEWORK_SEARCH_PATHS = "$(inherited)";
				INFOPLIST_FILE = SampleTests/Info.plist;
				IPHONEOS_DEPLOYMENT_TARGET = 9.0;
				LD_RUNPATH_SEARCH_PATHS = "$(inherited) @executable_path/Frameworks @loader_path/Frameworks";
				PRODUCT_BUNDLE_IDENTIFIER = com.roymarmelstein.SampleTests;
				PRODUCT_NAME = "$(TARGET_NAME)";
				TEST_HOST = "$(BUILT_PRODUCTS_DIR)/Sample.app/Sample";
			};
			name = Release;
		};
		34346D1A1B7294470063FED4 /* Debug */ = {
			isa = XCBuildConfiguration;
			buildSettings = {
				ALWAYS_SEARCH_USER_PATHS = NO;
				CLANG_CXX_LANGUAGE_STANDARD = "gnu++0x";
				CLANG_CXX_LIBRARY = "libc++";
				CLANG_ENABLE_MODULES = YES;
				CLANG_ENABLE_OBJC_ARC = YES;
				CLANG_WARN_BOOL_CONVERSION = YES;
				CLANG_WARN_CONSTANT_CONVERSION = YES;
				CLANG_WARN_DIRECT_OBJC_ISA_USAGE = YES_ERROR;
				CLANG_WARN_EMPTY_BODY = YES;
				CLANG_WARN_ENUM_CONVERSION = YES;
				CLANG_WARN_INT_CONVERSION = YES;
				CLANG_WARN_OBJC_ROOT_CLASS = YES_ERROR;
				CLANG_WARN_UNREACHABLE_CODE = YES;
				CLANG_WARN__DUPLICATE_METHOD_MATCH = YES;
				"CODE_SIGN_IDENTITY[sdk=iphoneos*]" = "iPhone Developer";
				COPY_PHASE_STRIP = NO;
				DEBUG_INFORMATION_FORMAT = "dwarf-with-dsym";
				ENABLE_STRICT_OBJC_MSGSEND = YES;
				ENABLE_TESTABILITY = YES;
				GCC_C_LANGUAGE_STANDARD = gnu99;
				GCC_DYNAMIC_NO_PIC = NO;
				GCC_NO_COMMON_BLOCKS = YES;
				GCC_OPTIMIZATION_LEVEL = 0;
				GCC_PREPROCESSOR_DEFINITIONS = (
					"DEBUG=1",
					"$(inherited)",
				);
				GCC_SYMBOLS_PRIVATE_EXTERN = NO;
				GCC_WARN_64_TO_32_BIT_CONVERSION = YES;
				GCC_WARN_ABOUT_RETURN_TYPE = YES_ERROR;
				GCC_WARN_UNDECLARED_SELECTOR = YES;
				GCC_WARN_UNINITIALIZED_AUTOS = YES_AGGRESSIVE;
				GCC_WARN_UNUSED_FUNCTION = YES;
				GCC_WARN_UNUSED_VARIABLE = YES;
				IPHONEOS_DEPLOYMENT_TARGET = 8.4;
				MTL_ENABLE_DEBUG_INFO = YES;
				ONLY_ACTIVE_ARCH = YES;
				SDKROOT = iphoneos;
				SWIFT_OPTIMIZATION_LEVEL = "-Onone";
			};
			name = Debug;
		};
		34346D1B1B7294470063FED4 /* Release */ = {
			isa = XCBuildConfiguration;
			buildSettings = {
				ALWAYS_SEARCH_USER_PATHS = NO;
				CLANG_CXX_LANGUAGE_STANDARD = "gnu++0x";
				CLANG_CXX_LIBRARY = "libc++";
				CLANG_ENABLE_MODULES = YES;
				CLANG_ENABLE_OBJC_ARC = YES;
				CLANG_WARN_BOOL_CONVERSION = YES;
				CLANG_WARN_CONSTANT_CONVERSION = YES;
				CLANG_WARN_DIRECT_OBJC_ISA_USAGE = YES_ERROR;
				CLANG_WARN_EMPTY_BODY = YES;
				CLANG_WARN_ENUM_CONVERSION = YES;
				CLANG_WARN_INT_CONVERSION = YES;
				CLANG_WARN_OBJC_ROOT_CLASS = YES_ERROR;
				CLANG_WARN_UNREACHABLE_CODE = YES;
				CLANG_WARN__DUPLICATE_METHOD_MATCH = YES;
				"CODE_SIGN_IDENTITY[sdk=iphoneos*]" = "iPhone Developer";
				COPY_PHASE_STRIP = NO;
				DEBUG_INFORMATION_FORMAT = "dwarf-with-dsym";
				ENABLE_NS_ASSERTIONS = NO;
				ENABLE_STRICT_OBJC_MSGSEND = YES;
				GCC_C_LANGUAGE_STANDARD = gnu99;
				GCC_NO_COMMON_BLOCKS = YES;
				GCC_WARN_64_TO_32_BIT_CONVERSION = YES;
				GCC_WARN_ABOUT_RETURN_TYPE = YES_ERROR;
				GCC_WARN_UNDECLARED_SELECTOR = YES;
				GCC_WARN_UNINITIALIZED_AUTOS = YES_AGGRESSIVE;
				GCC_WARN_UNUSED_FUNCTION = YES;
				GCC_WARN_UNUSED_VARIABLE = YES;
				IPHONEOS_DEPLOYMENT_TARGET = 8.4;
				MTL_ENABLE_DEBUG_INFO = NO;
				SDKROOT = iphoneos;
				VALIDATE_PRODUCT = YES;
			};
			name = Release;
		};
		34346D1D1B7294470063FED4 /* Debug */ = {
			isa = XCBuildConfiguration;
			buildSettings = {
				ASSETCATALOG_COMPILER_APPICON_NAME = AppIcon;
				FRAMEWORK_SEARCH_PATHS = "$(inherited)";
				INFOPLIST_FILE = Sample/Info.plist;
				LD_RUNPATH_SEARCH_PATHS = "$(inherited) @executable_path/Frameworks";
				PRODUCT_BUNDLE_IDENTIFIER = "com.roymarmelstein.$(PRODUCT_NAME:rfc1034identifier)";
				PRODUCT_NAME = "$(TARGET_NAME)";
			};
			name = Debug;
		};
		34346D1E1B7294470063FED4 /* Release */ = {
			isa = XCBuildConfiguration;
			buildSettings = {
				ASSETCATALOG_COMPILER_APPICON_NAME = AppIcon;
				FRAMEWORK_SEARCH_PATHS = "$(inherited)";
				INFOPLIST_FILE = Sample/Info.plist;
				LD_RUNPATH_SEARCH_PATHS = "$(inherited) @executable_path/Frameworks";
				PRODUCT_BUNDLE_IDENTIFIER = "com.roymarmelstein.$(PRODUCT_NAME:rfc1034identifier)";
				PRODUCT_NAME = "$(TARGET_NAME)";
			};
			name = Release;
		};
/* End XCBuildConfiguration section */

/* Begin XCConfigurationList section */
		3426FF971BB6AEE200E8E1BB /* Build configuration list for PBXNativeTarget "SampleTests" */ = {
			isa = XCConfigurationList;
			buildConfigurations = (
				3426FF981BB6AEE200E8E1BB /* Debug */,
				3426FF991BB6AEE200E8E1BB /* Release */,
			);
			defaultConfigurationIsVisible = 0;
			defaultConfigurationName = Release;
		};
		34346CF81B7294470063FED4 /* Build configuration list for PBXProject "Sample" */ = {
			isa = XCConfigurationList;
			buildConfigurations = (
				34346D1A1B7294470063FED4 /* Debug */,
				34346D1B1B7294470063FED4 /* Release */,
			);
			defaultConfigurationIsVisible = 0;
			defaultConfigurationName = Release;
		};
		34346D1C1B7294470063FED4 /* Build configuration list for PBXNativeTarget "Sample" */ = {
			isa = XCConfigurationList;
			buildConfigurations = (
				34346D1D1B7294470063FED4 /* Debug */,
				34346D1E1B7294470063FED4 /* Release */,
			);
			defaultConfigurationIsVisible = 0;
			defaultConfigurationName = Release;
		};
/* End XCConfigurationList section */
	};
	rootObject = 34346CF51B7294470063FED4 /* Project object */;
}
